
Microsoft Visual Studio Solution File, Format Version 12.00
# Visual Studio Version 17
VisualStudioVersion = 17.1.32228.430
MinimumVisualStudioVersion = 10.0.40219.1
Project("{8BC9CEB8-8B4A-11D0-8D11-00A0C91BC942}") = "MyExternal", "MyExternal\MyExternal.vcxproj", "{E845C88E-D5D5-4CEA-9B01-10E55DC87FB2}"
EndProject
Global
	GlobalSection(SolutionConfigurationPlatforms) = preSolution
		Debug|x64 = Debug|x64
		Release|x64 = Release|x64
	EndGlobalSection
	GlobalSection(ProjectConfigurationPlatforms) = postSolution
		{E845C88E-D5D5-4CEA-9B01-10E55DC87FB2}.Debug|x64.ActiveCfg = Debug|x64
		{E845C88E-D5D5-4CEA-9B01-10E55DC87FB2}.Debug|x64.Build.0 = Debug|x64
		{E845C88E-D5D5-4CEA-9B01-10E55DC87FB2}.Release|x64.ActiveCfg = Release|x64
		{E845C88E-D5D5-4CEA-9B01-10E55DC87FB2}.Release|x64.Build.0 = Release|x64
	EndGlobalSection
	GlobalSection(SolutionProperties) = preSolution
		HideSolutionNode = FALSE
	EndGlobalSection
	GlobalSection(ExtensibilityGlobals) = postSolution
		SolutionGuid = {BFA5248B-8172-4FA4-AFA5-39FEDF52A295}
	EndGlobalSection
EndGlobal
